// !$*UTF8*$!
{
	archiveVersion = 1;
	classes = {
	};
	objectVersion = 50;
	objects = {

/* Begin PBXBuildFile section */
		3FB3D3B922BEDC6300AAEABC /* AppDelegate.m in Sources */ = {isa = PBXBuildFile; fileRef = 3FB3D3B822BEDC6300AAEABC /* AppDelegate.m */; };
		3FB3D3BC22BEDC6300AAEABC /* ViewController.m in Sources */ = {isa = PBXBuildFile; fileRef = 3FB3D3BB22BEDC6300AAEABC /* ViewController.m */; };
		3FB3D3BF22BEDC6300AAEABC /* Main.storyboard in Resources */ = {isa = PBXBuildFile; fileRef = 3FB3D3BD22BEDC6300AAEABC /* Main.storyboard */; };
		3FB3D3C122BEDC6500AAEABC /* Assets.xcassets in Resources */ = {isa = PBXBuildFile; fileRef = 3FB3D3C022BEDC6500AAEABC /* Assets.xcassets */; };
		3FB3D3C422BEDC6500AAEABC /* LaunchScreen.storyboard in Resources */ = {isa = PBXBuildFile; fileRef = 3FB3D3C222BEDC6500AAEABC /* LaunchScreen.storyboard */; };
		3FB3D3C722BEDC6500AAEABC /* main.m in Sources */ = {isa = PBXBuildFile; fileRef = 3FB3D3C622BEDC6500AAEABC /* main.m */; };
		3FB3D3CF22BEDEB100AAEABC /* DisintegrateAdapter.swift in Sources */ = {isa = PBXBuildFile; fileRef = 3FB3D3CE22BEDEB100AAEABC /* DisintegrateAdapter.swift */; };
		961C7AECB3B45FB8550202C2 /* Pods_DisintegrateDemo.framework in Frameworks */ = {isa = PBXBuildFile; fileRef = 9FBF6A82F36050BC0E4039C4 /* Pods_DisintegrateDemo.framework */; };
/* End PBXBuildFile section */

/* Begin PBXFileReference section */
		3FB3D3B422BEDC6300AAEABC /* DisintegrateDemo.app */ = {isa = PBXFileReference; explicitFileType = wrapper.application; includeInIndex = 0; path = DisintegrateDemo.app; sourceTree = BUILT_PRODUCTS_DIR; };
		3FB3D3B722BEDC6300AAEABC /* AppDelegate.h */ = {isa = PBXFileReference; lastKnownFileType = sourcecode.c.h; path = AppDelegate.h; sourceTree = "<group>"; };
		3FB3D3B822BEDC6300AAEABC /* AppDelegate.m */ = {isa = PBXFileReference; lastKnownFileType = sourcecode.c.objc; path = AppDelegate.m; sourceTree = "<group>"; };
		3FB3D3BA22BEDC6300AAEABC /* ViewController.h */ = {isa = PBXFileReference; lastKnownFileType = sourcecode.c.h; path = ViewController.h; sourceTree = "<group>"; };
		3FB3D3BB22BEDC6300AAEABC /* ViewController.m */ = {isa = PBXFileReference; lastKnownFileType = sourcecode.c.objc; path = ViewController.m; sourceTree = "<group>"; };
		3FB3D3BE22BEDC6300AAEABC /* Base */ = {isa = PBXFileReference; lastKnownFileType = file.storyboard; name = Base; path = Base.lproj/Main.storyboard; sourceTree = "<group>"; };
		3FB3D3C022BEDC6500AAEABC /* Assets.xcassets */ = {isa = PBXFileReference; lastKnownFileType = folder.assetcatalog; path = Assets.xcassets; sourceTree = "<group>"; };
		3FB3D3C322BEDC6500AAEABC /* Base */ = {isa = PBXFileReference; lastKnownFileType = file.storyboard; name = Base; path = Base.lproj/LaunchScreen.storyboard; sourceTree = "<group>"; };
		3FB3D3C522BEDC6500AAEABC /* Info.plist */ = {isa = PBXFileReference; lastKnownFileType = text.plist.xml; path = Info.plist; sourceTree = "<group>"; };
		3FB3D3C622BEDC6500AAEABC /* main.m */ = {isa = PBXFileReference; lastKnownFileType = sourcecode.c.objc; path = main.m; sourceTree = "<group>"; };
		3FB3D3CD22BEDEB000AAEABC /* DisintegrateDemo-Bridging-Header.h */ = {isa = PBXFileReference; lastKnownFileType = sourcecode.c.h; path = "DisintegrateDemo-Bridging-Header.h"; sourceTree = "<group>"; };
		3FB3D3CE22BEDEB100AAEABC /* DisintegrateAdapter.swift */ = {isa = PBXFileReference; lastKnownFileType = sourcecode.swift; path = DisintegrateAdapter.swift; sourceTree = "<group>"; };
		9F159932B133A307F4A14385 /* Pods-DisintegrateDemo.debug.xcconfig */ = {isa = PBXFileReference; includeInIndex = 1; lastKnownFileType = text.xcconfig; name = "Pods-DisintegrateDemo.debug.xcconfig"; path = "Pods/Target Support Files/Pods-DisintegrateDemo/Pods-DisintegrateDemo.debug.xcconfig"; sourceTree = "<group>"; };
		9FBF6A82F36050BC0E4039C4 /* Pods_DisintegrateDemo.framework */ = {isa = PBXFileReference; explicitFileType = wrapper.framework; includeInIndex = 0; path = Pods_DisintegrateDemo.framework; sourceTree = BUILT_PRODUCTS_DIR; };
		B516E599AB378C4F122E117F /* Pods-DisintegrateDemo.release.xcconfig */ = {isa = PBXFileReference; includeInIndex = 1; lastKnownFileType = text.xcconfig; name = "Pods-DisintegrateDemo.release.xcconfig"; path = "Pods/Target Support Files/Pods-DisintegrateDemo/Pods-DisintegrateDemo.release.xcconfig"; sourceTree = "<group>"; };
/* End PBXFileReference section */

/* Begin PBXFrameworksBuildPhase section */
		3FB3D3B122BEDC6300AAEABC /* Frameworks */ = {
			isa = PBXFrameworksBuildPhase;
			buildActionMask = 2147483647;
			files = (
				961C7AECB3B45FB8550202C2 /* Pods_DisintegrateDemo.framework in Frameworks */,
			);
			runOnlyForDeploymentPostprocessing = 0;
		};
/* End PBXFrameworksBuildPhase section */

/* Begin PBXGroup section */
		3FB3D3AB22BEDC6300AAEABC = {
			isa = PBXGroup;
			children = (
				3FB3D3B622BEDC6300AAEABC /* DisintegrateDemo */,
				3FB3D3B522BEDC6300AAEABC /* Products */,
				B5E49DCFEC99E0911F2DEF4C /* Pods */,
				41DF198666DAF53AC34E5695 /* Frameworks */,
			);
			sourceTree = "<group>";
		};
		3FB3D3B522BEDC6300AAEABC /* Products */ = {
			isa = PBXGroup;
			children = (
				3FB3D3B422BEDC6300AAEABC /* DisintegrateDemo.app */,
			);
			name = Products;
			sourceTree = "<group>";
		};
		3FB3D3B622BEDC6300AAEABC /* DisintegrateDemo */ = {
			isa = PBXGroup;
			children = (
				3FB3D3B722BEDC6300AAEABC /* AppDelegate.h */,
				3FB3D3B822BEDC6300AAEABC /* AppDelegate.m */,
				3FB3D3BA22BEDC6300AAEABC /* ViewController.h */,
				3FB3D3BB22BEDC6300AAEABC /* ViewController.m */,
				3FB3D3BD22BEDC6300AAEABC /* Main.storyboard */,
				3FB3D3C022BEDC6500AAEABC /* Assets.xcassets */,
				3FB3D3C222BEDC6500AAEABC /* LaunchScreen.storyboard */,
				3FB3D3C522BEDC6500AAEABC /* Info.plist */,
				3FB3D3C622BEDC6500AAEABC /* main.m */,
				3FB3D3CE22BEDEB100AAEABC /* DisintegrateAdapter.swift */,
				3FB3D3CD22BEDEB000AAEABC /* DisintegrateDemo-Bridging-Header.h */,
			);
			path = DisintegrateDemo;
			sourceTree = "<group>";
		};
		41DF198666DAF53AC34E5695 /* Frameworks */ = {
			isa = PBXGroup;
			children = (
				9FBF6A82F36050BC0E4039C4 /* Pods_DisintegrateDemo.framework */,
			);
			name = Frameworks;
			sourceTree = "<group>";
		};
		B5E49DCFEC99E0911F2DEF4C /* Pods */ = {
			isa = PBXGroup;
			children = (
				9F159932B133A307F4A14385 /* Pods-DisintegrateDemo.debug.xcconfig */,
				B516E599AB378C4F122E117F /* Pods-DisintegrateDemo.release.xcconfig */,
			);
			name = Pods;
			sourceTree = "<group>";
		};
/* End PBXGroup section */

/* Begin PBXNativeTarget section */
		3FB3D3B322BEDC6300AAEABC /* DisintegrateDemo */ = {
			isa = PBXNativeTarget;
			buildConfigurationList = 3FB3D3CA22BEDC6500AAEABC /* Build configuration list for PBXNativeTarget "DisintegrateDemo" */;
			buildPhases = (
				E3EF0D7EF8C14C89137C8C9B /* [CP] Check Pods Manifest.lock */,
				3FB3D3B022BEDC6300AAEABC /* Sources */,
				3FB3D3B122BEDC6300AAEABC /* Frameworks */,
				3FB3D3B222BEDC6300AAEABC /* Resources */,
				867235A2E82BC7D95B3C3352 /* [CP] Embed Pods Frameworks */,
			);
			buildRules = (
			);
			dependencies = (
			);
			name = DisintegrateDemo;
			productName = DisintegrateDemo;
			productReference = 3FB3D3B422BEDC6300AAEABC /* DisintegrateDemo.app */;
			productType = "com.apple.product-type.application";
		};
/* End PBXNativeTarget section */

/* Begin PBXProject section */
		3FB3D3AC22BEDC6300AAEABC /* Project object */ = {
			isa = PBXProject;
			attributes = {
				LastUpgradeCheck = 1020;
				ORGANIZATIONNAME = KY;
				TargetAttributes = {
					3FB3D3B322BEDC6300AAEABC = {
						CreatedOnToolsVersion = 10.2;
						LastSwiftMigration = 1020;
					};
				};
			};
			buildConfigurationList = 3FB3D3AF22BEDC6300AAEABC /* Build configuration list for PBXProject "DisintegrateDemo" */;
			compatibilityVersion = "Xcode 9.3";
			developmentRegion = en;
			hasScannedForEncodings = 0;
			knownRegions = (
				en,
				Base,
			);
			mainGroup = 3FB3D3AB22BEDC6300AAEABC;
			productRefGroup = 3FB3D3B522BEDC6300AAEABC /* Products */;
			projectDirPath = "";
			projectRoot = "";
			targets = (
				3FB3D3B322BEDC6300AAEABC /* DisintegrateDemo */,
			);
		};
/* End PBXProject section */

/* Begin PBXResourcesBuildPhase section */
		3FB3D3B222BEDC6300AAEABC /* Resources */ = {
			isa = PBXResourcesBuildPhase;
			buildActionMask = 2147483647;
			files = (
				3FB3D3C422BEDC6500AAEABC /* LaunchScreen.storyboard in Resources */,
				3FB3D3C122BEDC6500AAEABC /* Assets.xcassets in Resources */,
				3FB3D3BF22BEDC6300AAEABC /* Main.storyboard in Resources */,
			);
			runOnlyForDeploymentPostprocessing = 0;
		};
/* End PBXResourcesBuildPhase section */

/* Begin PBXShellScriptBuildPhase section */
		867235A2E82BC7D95B3C3352 /* [CP] Embed Pods Frameworks */ = {
			isa = PBXShellScriptBuildPhase;
			buildActionMask = 2147483647;
			files = (
			);
			inputFileListPaths = (
			);
			inputPaths = (
				"${SRCROOT}/Pods/Target Support Files/Pods-DisintegrateDemo/Pods-DisintegrateDemo-frameworks.sh",
				"${BUILT_PRODUCTS_DIR}/Disintegrate/Disintegrate.framework",
			);
			name = "[CP] Embed Pods Frameworks";
			outputFileListPaths = (
			);
			outputPaths = (
				"${TARGET_BUILD_DIR}/${FRAMEWORKS_FOLDER_PATH}/Disintegrate.framework",
			);
			runOnlyForDeploymentPostprocessing = 0;
			shellPath = /bin/sh;
			shellScript = "\"${SRCROOT}/Pods/Target Support Files/Pods-DisintegrateDemo/Pods-DisintegrateDemo-frameworks.sh\"\n";
			showEnvVarsInLog = 0;
		};
		E3EF0D7EF8C14C89137C8C9B /* [CP] Check Pods Manifest.lock */ = {
			isa = PBXShellScriptBuildPhase;
			buildActionMask = 2147483647;
			files = (
			);
			inputFileListPaths = (
			);
			inputPaths = (
				"${PODS_PODFILE_DIR_PATH}/Podfile.lock",
				"${PODS_ROOT}/Manifest.lock",
			);
			name = "[CP] Check Pods Manifest.lock";
			outputFileListPaths = (
			);
			outputPaths = (
				"$(DERIVED_FILE_DIR)/Pods-DisintegrateDemo-checkManifestLockResult.txt",
			);
			runOnlyForDeploymentPostprocessing = 0;
			shellPath = /bin/sh;
			shellScript = "diff \"${PODS_PODFILE_DIR_PATH}/Podfile.lock\" \"${PODS_ROOT}/Manifest.lock\" > /dev/null\nif [ $? != 0 ] ; then\n    # print error to STDERR\n    echo \"error: The sandbox is not in sync with the Podfile.lock. Run 'pod install' or update your CocoaPods installation.\" >&2\n    exit 1\nfi\n# This output is used by Xcode 'outputs' to avoid re-running this script phase.\necho \"SUCCESS\" > \"${SCRIPT_OUTPUT_FILE_0}\"\n";
			showEnvVarsInLog = 0;
		};
/* End PBXShellScriptBuildPhase section */

/* Begin PBXSourcesBuildPhase section */
		3FB3D3B022BEDC6300AAEABC /* Sources */ = {
			isa = PBXSourcesBuildPhase;
			buildActionMask = 2147483647;
			files = (
				3FB3D3CF22BEDEB100AAEABC /* DisintegrateAdapter.swift in Sources */,
				3FB3D3BC22BEDC6300AAEABC /* ViewController.m in Sources */,
				3FB3D3C722BEDC6500AAEABC /* main.m in Sources */,
				3FB3D3B922BEDC6300AAEABC /* AppDelegate.m in Sources */,
			);
			runOnlyForDeploymentPostprocessing = 0;
		};
/* End PBXSourcesBuildPhase section */

/* Begin PBXVariantGroup section */
		3FB3D3BD22BEDC6300AAEABC /* Main.storyboard */ = {
			isa = PBXVariantGroup;
			children = (
				3FB3D3BE22BEDC6300AAEABC /* Base */,
			);
			name = Main.storyboard;
			sourceTree = "<group>";
		};
		3FB3D3C222BEDC6500AAEABC /* LaunchScreen.storyboard */ = {
			isa = PBXVariantGroup;
			children = (
				3FB3D3C322BEDC6500AAEABC /* Base */,
			);
			name = LaunchScreen.storyboard;
			sourceTree = "<group>";
		};
/* End PBXVariantGroup section */

/* Begin XCBuildConfiguration section */
		3FB3D3C822BEDC6500AAEABC /* Debug */ = {
			isa = XCBuildConfiguration;
			buildSettings = {
				ALWAYS_SEARCH_USER_PATHS = NO;
				CLANG_ANALYZER_NONNULL = YES;
				CLANG_ANALYZER_NUMBER_OBJECT_CONVERSION = YES_AGGRESSIVE;
				CLANG_CXX_LANGUAGE_STANDARD = "gnu++14";
				CLANG_CXX_LIBRARY = "libc++";
				CLANG_ENABLE_MODULES = YES;
				CLANG_ENABLE_OBJC_ARC = YES;
				CLANG_ENABLE_OBJC_WEAK = YES;
				CLANG_WARN_BLOCK_CAPTURE_AUTORELEASING = YES;
				CLANG_WARN_BOOL_CONVERSION = YES;
				CLANG_WARN_COMMA = YES;
				CLANG_WARN_CONSTANT_CONVERSION = YES;
				CLANG_WARN_DEPRECATED_OBJC_IMPLEMENTATIONS = YES;
				CLANG_WARN_DIRECT_OBJC_ISA_USAGE = YES_ERROR;
				CLANG_WARN_DOCUMENTATION_COMMENTS = YES;
				CLANG_WARN_EMPTY_BODY = YES;
				CLANG_WARN_ENUM_CONVERSION = YES;
				CLANG_WARN_INFINITE_RECURSION = YES;
				CLANG_WARN_INT_CONVERSION = YES;
				CLANG_WARN_NON_LITERAL_NULL_CONVERSION = YES;
				CLANG_WARN_OBJC_IMPLICIT_RETAIN_SELF = YES;
				CLANG_WARN_OBJC_LITERAL_CONVERSION = YES;
				CLANG_WARN_OBJC_ROOT_CLASS = YES_ERROR;
				CLANG_WARN_RANGE_LOOP_ANALYSIS = YES;
				CLANG_WARN_STRICT_PROTOTYPES = YES;
				CLANG_WARN_SUSPICIOUS_MOVE = YES;
				CLANG_WARN_UNGUARDED_AVAILABILITY = YES_AGGRESSIVE;
				CLANG_WARN_UNREACHABLE_CODE = YES;
				CLANG_WARN__DUPLICATE_METHOD_MATCH = YES;
				CODE_SIGN_IDENTITY = "iPhone Developer";
				COPY_PHASE_STRIP = NO;
				DEBUG_INFORMATION_FORMAT = dwarf;
				ENABLE_STRICT_OBJC_MSGSEND = YES;
				ENABLE_TESTABILITY = YES;
				GCC_C_LANGUAGE_STANDARD = gnu11;
				GCC_DYNAMIC_NO_PIC = NO;
				GCC_NO_COMMON_BLOCKS = YES;
				GCC_OPTIMIZATION_LEVEL = 0;
				GCC_PREPROCESSOR_DEFINITIONS = (
					"DEBUG=1",
					"$(inherited)",
				);
				GCC_WARN_64_TO_32_BIT_CONVERSION = YES;
				GCC_WARN_ABOUT_RETURN_TYPE = YES_ERROR;
				GCC_WARN_UNDECLARED_SELECTOR = YES;
				GCC_WARN_UNINITIALIZED_AUTOS = YES_AGGRESSIVE;
				GCC_WARN_UNUSED_FUNCTION = YES;
				GCC_WARN_UNUSED_VARIABLE = YES;
				IPHONEOS_DEPLOYMENT_TARGET = 12.2;
				MTL_ENABLE_DEBUG_INFO = INCLUDE_SOURCE;
				MTL_FAST_MATH = YES;
				ONLY_ACTIVE_ARCH = YES;
				SDKROOT = iphoneos;
			};
			name = Debug;
		};
		3FB3D3C922BEDC6500AAEABC /* Release */ = {
			isa = XCBuildConfiguration;
			buildSettings = {
				ALWAYS_SEARCH_USER_PATHS = NO;
				CLANG_ANALYZER_NONNULL = YES;
				CLANG_ANALYZER_NUMBER_OBJECT_CONVERSION = YES_AGGRESSIVE;
				CLANG_CXX_LANGUAGE_STANDARD = "gnu++14";
				CLANG_CXX_LIBRARY = "libc++";
				CLANG_ENABLE_MODULES = YES;
				CLANG_ENABLE_OBJC_ARC = YES;
				CLANG_ENABLE_OBJC_WEAK = YES;
				CLANG_WARN_BLOCK_CAPTURE_AUTORELEASING = YES;
				CLANG_WARN_BOOL_CONVERSION = YES;
				CLANG_WARN_COMMA = YES;
				CLANG_WARN_CONSTANT_CONVERSION = YES;
				CLANG_WARN_DEPRECATED_OBJC_IMPLEMENTATIONS = YES;
				CLANG_WARN_DIRECT_OBJC_ISA_USAGE = YES_ERROR;
				CLANG_WARN_DOCUMENTATION_COMMENTS = YES;
				CLANG_WARN_EMPTY_BODY = YES;
				CLANG_WARN_ENUM_CONVERSION = YES;
				CLANG_WARN_INFINITE_RECURSION = YES;
				CLANG_WARN_INT_CONVERSION = YES;
				CLANG_WARN_NON_LITERAL_NULL_CONVERSION = YES;
				CLANG_WARN_OBJC_IMPLICIT_RETAIN_SELF = YES;
				CLANG_WARN_OBJC_LITERAL_CONVERSION = YES;
				CLANG_WARN_OBJC_ROOT_CLASS = YES_ERROR;
				CLANG_WARN_RANGE_LOOP_ANALYSIS = YES;
				CLANG_WARN_STRICT_PROTOTYPES = YES;
				CLANG_WARN_SUSPICIOUS_MOVE = YES;
				CLANG_WARN_UNGUARDED_AVAILABILITY = YES_AGGRESSIVE;
				CLANG_WARN_UNREACHABLE_CODE = YES;
				CLANG_WARN__DUPLICATE_METHOD_MATCH = YES;
				CODE_SIGN_IDENTITY = "iPhone Developer";
				COPY_PHASE_STRIP = NO;
				DEBUG_INFORMATION_FORMAT = "dwarf-with-dsym";
				ENABLE_NS_ASSERTIONS = NO;
				ENABLE_STRICT_OBJC_MSGSEND = YES;
				GCC_C_LANGUAGE_STANDARD = gnu11;
				GCC_NO_COMMON_BLOCKS = YES;
				GCC_WARN_64_TO_32_BIT_CONVERSION = YES;
				GCC_WARN_ABOUT_RETURN_TYPE = YES_ERROR;
				GCC_WARN_UNDECLARED_SELECTOR = YES;
				GCC_WARN_UNINITIALIZED_AUTOS = YES_AGGRESSIVE;
				GCC_WARN_UNUSED_FUNCTION = YES;
				GCC_WARN_UNUSED_VARIABLE = YES;
				IPHONEOS_DEPLOYMENT_TARGET = 12.2;
				MTL_ENABLE_DEBUG_INFO = NO;
				MTL_FAST_MATH = YES;
				SDKROOT = iphoneos;
				VALIDATE_PRODUCT = YES;
			};
			name = Release;
		};
		3FB3D3CB22BEDC6500AAEABC /* Debug */ = {
			isa = XCBuildConfiguration;
			baseConfigurationReference = 9F159932B133A307F4A14385 /* Pods-DisintegrateDemo.debug.xcconfig */;
			buildSettings = {
				ASSETCATALOG_COMPILER_APPICON_NAME = AppIcon;
				CLANG_ENABLE_MODULES = YES;
				CODE_SIGN_STYLE = Automatic;
				INFOPLIST_FILE = DisintegrateDemo/Info.plist;
				LD_RUNPATH_SEARCH_PATHS = (
					"$(inherited)",
					"@executable_path/Frameworks",
				);
				PRODUCT_BUNDLE_IDENTIFIER = KY.DisintegrateDemo;
				PRODUCT_NAME = "$(TARGET_NAME)";
				SWIFT_OBJC_BRIDGING_HEADER = "DisintegrateDemo/DisintegrateDemo-Bridging-Header.h";
				SWIFT_OPTIMIZATION_LEVEL = "-Onone";
				SWIFT_VERSION = 5.0;
				TARGETED_DEVICE_FAMILY = "1,2";
			};
			name = Debug;
		};
		3FB3D3CC22BEDC6500AAEABC /* Release */ = {
			isa = XCBuildConfiguration;
			baseConfigurationReference = B516E599AB378C4F122E117F /* Pods-DisintegrateDemo.release.xcconfig */;
			buildSettings = {
				ASSETCATALOG_COMPILER_APPICON_NAME = AppIcon;
				CLANG_ENABLE_MODULES = YES;
				CODE_SIGN_STYLE = Automatic;
				INFOPLIST_FILE = DisintegrateDemo/Info.plist;
				LD_RUNPATH_SEARCH_PATHS = (
					"$(inherited)",
					"@executable_path/Frameworks",
				);
				PRODUCT_BUNDLE_IDENTIFIER = KY.DisintegrateDemo;
				PRODUCT_NAME = "$(TARGET_NAME)";
				SWIFT_OBJC_BRIDGING_HEADER = "DisintegrateDemo/DisintegrateDemo-Bridging-Header.h";
				SWIFT_VERSION = 5.0;
				TARGETED_DEVICE_FAMILY = "1,2";
			};
			name = Release;
		};
/* End XCBuildConfiguration section */

/* Begin XCConfigurationList section */
		3FB3D3AF22BEDC6300AAEABC /* Build configuration list for PBXProject "DisintegrateDemo" */ = {
			isa = XCConfigurationList;
			buildConfigurations = (
				3FB3D3C822BEDC6500AAEABC /* Debug */,
				3FB3D3C922BEDC6500AAEABC /* Release */,
			);
			defaultConfigurationIsVisible = 0;
			defaultConfigurationName = Release;
		};
		3FB3D3CA22BEDC6500AAEABC /* Build configuration list for PBXNativeTarget "DisintegrateDemo" */ = {
			isa = XCConfigurationList;
			buildConfigurations = (
				3FB3D3CB22BEDC6500AAEABC /* Debug */,
				3FB3D3CC22BEDC6500AAEABC /* Release */,
			);
			defaultConfigurationIsVisible = 0;
			defaultConfigurationName = Release;
		};
/* End XCConfigurationList section */
	};
	rootObject = 3FB3D3AC22BEDC6300AAEABC /* Project object */;
}
